
Microsoft Visual Studio Solution File, Format Version 12.00
# Visual Studio Version 16
VisualStudioVersion = 16.0.30413.136
MinimumVisualStudioVersion = 10.0.40219.1
Project("{8BC9CEB8-8B4A-11D0-8D11-00A0C91BC942}") = "xstl", "xstl\xstl.vcxproj", "{273B600D-301B-4B19-8AC2-F201C901DCBE}"
EndProject
Project("{8BC9CEB8-8B4A-11D0-8D11-00A0C91BC942}") = "test", "test\test.vcxproj", "{AC79BF2B-F1E3-4C91-88E1-880C6CDFDE5E}"
EndProject
Global
	GlobalSection(SolutionConfigurationPlatforms) = preSolution
		Debug|x64 = Debug|x64
		Debug|x86 = Debug|x86
		Release|x64 = Release|x64
		Release|x86 = Release|x86
	EndGlobalSection
	GlobalSection(ProjectConfigurationPlatforms) = postSolution
		{273B600D-301B-4B19-8AC2-F201C901DCBE}.Debug|x64.ActiveCfg = Debug|x64
		{273B600D-301B-4B19-8AC2-F201C901DCBE}.Debug|x64.Build.0 = Debug|x64
		{273B600D-301B-4B19-8AC2-F201C901DCBE}.Debug|x86.ActiveCfg = Debug|Win32
		{273B600D-301B-4B19-8AC2-F201C901DCBE}.Debug|x86.Build.0 = Debug|Win32
		{273B600D-301B-4B19-8AC2-F201C901DCBE}.Release|x64.ActiveCfg = Release|x64
		{273B600D-301B-4B19-8AC2-F201C901DCBE}.Release|x64.Build.0 = Release|x64
		{273B600D-301B-4B19-8AC2-F201C901DCBE}.Release|x86.ActiveCfg = Release|Win32
		{273B600D-301B-4B19-8AC2-F201C901DCBE}.Release|x86.Build.0 = Release|Win32
		{AC79BF2B-F1E3-4C91-88E1-880C6CDFDE5E}.Debug|x64.ActiveCfg = Debug|x64
		{AC79BF2B-F1E3-4C91-88E1-880C6CDFDE5E}.Debug|x64.Build.0 = Debug|x64
		{AC79BF2B-F1E3-4C91-88E1-880C6CDFDE5E}.Debug|x86.ActiveCfg = Debug|Win32
		{AC79BF2B-F1E3-4C91-88E1-880C6CDFDE5E}.Debug|x86.Build.0 = Debug|Win32
		{AC79BF2B-F1E3-4C91-88E1-880C6CDFDE5E}.Release|x64.ActiveCfg = Release|x64
		{AC79BF2B-F1E3-4C91-88E1-880C6CDFDE5E}.Release|x64.Build.0 = Release|x64
		{AC79BF2B-F1E3-4C91-88E1-880C6CDFDE5E}.Release|x86.ActiveCfg = Release|Win32
		{AC79BF2B-F1E3-4C91-88E1-880C6CDFDE5E}.Release|x86.Build.0 = Release|Win32
	EndGlobalSection
	GlobalSection(SolutionProperties) = preSolution
		HideSolutionNode = FALSE
	EndGlobalSection
	GlobalSection(ExtensibilityGlobals) = postSolution
		SolutionGuid = {C9904025-DAE6-45C9-8753-340CBEB5C045}
	EndGlobalSection
EndGlobal
